
Microsoft Visual Studio Solution File, Format Version 12.00
# Visual Studio Version 17
VisualStudioVersion = 17.6.33723.286
MinimumVisualStudioVersion = 10.0.40219.1
Project("{8BC9CEB8-8B4A-11D0-8D11-00A0C91BC942}") = "Review", "Review\Review.vcxproj", "{99704232-1CC5-43FE-84A9-4EC4D2B6E906}"
EndProject
Global
	GlobalSection(SolutionConfigurationPlatforms) = preSolution
		Debug|x64 = Debug|x64
		Debug|x86 = Debug|x86
		Release|x64 = Release|x64
		Release|x86 = Release|x86
	EndGlobalSection
	GlobalSection(ProjectConfigurationPlatforms) = postSolution
		{99704232-1CC5-43FE-84A9-4EC4D2B6E906}.Debug|x64.ActiveCfg = Debug|x64
		{99704232-1CC5-43FE-84A9-4EC4D2B6E906}.Debug|x64.Build.0 = Debug|x64
		{99704232-1CC5-43FE-84A9-4EC4D2B6E906}.Debug|x86.ActiveCfg = Debug|Win32
		{99704232-1CC5-43FE-84A9-4EC4D2B6E906}.Debug|x86.Build.0 = Debug|Win32
		{99704232-1CC5-43FE-84A9-4EC4D2B6E906}.Release|x64.ActiveCfg = Release|x64
		{99704232-1CC5-43FE-84A9-4EC4D2B6E906}.Release|x64.Build.0 = Release|x64
		{99704232-1CC5-43FE-84A9-4EC4D2B6E906}.Release|x86.ActiveCfg = Release|Win32
		{99704232-1CC5-43FE-84A9-4EC4D2B6E906}.Release|x86.Build.0 = Release|Win32
	EndGlobalSection
	GlobalSection(SolutionProperties) = preSolution
		HideSolutionNode = FALSE
	EndGlobalSection
	GlobalSection(ExtensibilityGlobals) = postSolution
		SolutionGuid = {CB5DB282-FCB7-4386-899F-498E7C79FEE5}
	EndGlobalSection
EndGlobal
